github.com/bir3/gocompiler v0.3.205 h1:pyDWm8WIMt5yNLUZflYD0/V9Mt9SRsuIZYbGqpPBpwE=
github.com/bir3/gocompiler v0.3.205/go.mod h1:BFSW+tjEnW9ByzXDv9XRRFGDPSPp5BRFcS8oyCm9Djw=
github.com/bir3/gocompiler v0.4.206 h1:q6KXNoLZqTXmIJTfIWbp7fEzIPK4ZMhT0jhts/V6kgc=
github.com/bir3/gocompiler v0.4.206/go.mod h1:BFSW+tjEnW9ByzXDv9XRRFGDPSPp5BRFcS8oyCm9Djw=
golang.org/x/sys v0.1.0 h1:kunALQeHf1/185U1i0GOB/fy1IPRDDpuoOOqRReG57U=
golang.org/x/sys v0.1.0/go.mod h1:oPkhp1MJrh7nUepCBck5+mAzfO9JrbApNNgaTdGDITg=
golang.org/x/sys v0.10.0 h1:SqMFp9UcQJZa+pmYuAKjd9xq1f0j5rLcDIk0mj4qAsA=
golang.org/x/sys v0.10.0/go.mod h1:oPkhp1MJrh7nUepCBck5+mAzfO9JrbApNNgaTdGDITg=
